// !$*UTF8*$!
{
	archiveVersion = 1;
	classes = {
	};
	objectVersion = 46;
	objects = {

/* Begin PBXBuildFile section */
		BEE84F681B3D54A700C6F1F7 /* main.m in Sources */ = {isa = PBXBuildFile; fileRef = BEE84F671B3D54A700C6F1F7 /* main.m */; };
		BEE84F731B3D54A700C6F1F7 /* Images.xcassets in Resources */ = {isa = PBXBuildFile; fileRef = BEE84F721B3D54A700C6F1F7 /* Images.xcassets */; };
		BEE84F761B3D54A700C6F1F7 /* LaunchScreen.xib in Resources */ = {isa = PBXBuildFile; fileRef = BEE84F741B3D54A700C6F1F7 /* LaunchScreen.xib */; };
		BEE84F931B3D54E700C6F1F7 /* AppDelegate.m in Sources */ = {isa = PBXBuildFile; fileRef = BEE84F8C1B3D54E700C6F1F7 /* AppDelegate.m */; };
		BEE84F941B3D54E700C6F1F7 /* BootLogic.m in Sources */ = {isa = PBXBuildFile; fileRef = BEE84F8E1B3D54E700C6F1F7 /* BootLogic.m */; };
		BEE84F951B3D54E700C6F1F7 /* ConsoleScreen.m in Sources */ = {isa = PBXBuildFile; fileRef = BEE84F901B3D54E700C6F1F7 /* ConsoleScreen.m */; };
		BEE84F961B3D54E700C6F1F7 /* MainScreen.m in Sources */ = {isa = PBXBuildFile; fileRef = BEE84F921B3D54E700C6F1F7 /* MainScreen.m */; };
		BEE84F9E1B3D575B00C6F1F7 /* DemoSelector.m in Sources */ = {isa = PBXBuildFile; fileRef = BEE84F9C1B3D575B00C6F1F7 /* DemoSelector.m */; };
		BEE84F9F1B3D575B00C6F1F7 /* DemoSelector.xib in Resources */ = {isa = PBXBuildFile; fileRef = BEE84F9D1B3D575B00C6F1F7 /* DemoSelector.xib */; };
/* End PBXBuildFile section */

/* Begin PBXFileReference section */
		BEE84F621B3D54A700C6F1F7 /* performSelector.app */ = {isa = PBXFileReference; explicitFileType = wrapper.application; includeInIndex = 0; path = performSelector.app; sourceTree = BUILT_PRODUCTS_DIR; };
		BEE84F661B3D54A700C6F1F7 /* Info.plist */ = {isa = PBXFileReference; lastKnownFileType = text.plist.xml; path = Info.plist; sourceTree = "<group>"; };
		BEE84F671B3D54A700C6F1F7 /* main.m */ = {isa = PBXFileReference; lastKnownFileType = sourcecode.c.objc; path = main.m; sourceTree = "<group>"; };
		BEE84F721B3D54A700C6F1F7 /* Images.xcassets */ = {isa = PBXFileReference; lastKnownFileType = folder.assetcatalog; path = Images.xcassets; sourceTree = "<group>"; };
		BEE84F751B3D54A700C6F1F7 /* Base */ = {isa = PBXFileReference; lastKnownFileType = file.xib; name = Base; path = Base.lproj/LaunchScreen.xib; sourceTree = "<group>"; };
		BEE84F8B1B3D54E700C6F1F7 /* AppDelegate.h */ = {isa = PBXFileReference; fileEncoding = 4; lastKnownFileType = sourcecode.c.h; path = AppDelegate.h; sourceTree = "<group>"; };
		BEE84F8C1B3D54E700C6F1F7 /* AppDelegate.m */ = {isa = PBXFileReference; fileEncoding = 4; lastKnownFileType = sourcecode.c.objc; path = AppDelegate.m; sourceTree = "<group>"; };
		BEE84F8D1B3D54E700C6F1F7 /* BootLogic.h */ = {isa = PBXFileReference; fileEncoding = 4; lastKnownFileType = sourcecode.c.h; path = BootLogic.h; sourceTree = "<group>"; };
		BEE84F8E1B3D54E700C6F1F7 /* BootLogic.m */ = {isa = PBXFileReference; fileEncoding = 4; lastKnownFileType = sourcecode.c.objc; path = BootLogic.m; sourceTree = "<group>"; };
		BEE84F8F1B3D54E700C6F1F7 /* ConsoleScreen.h */ = {isa = PBXFileReference; fileEncoding = 4; lastKnownFileType = sourcecode.c.h; path = ConsoleScreen.h; sourceTree = "<group>"; };
		BEE84F901B3D54E700C6F1F7 /* ConsoleScreen.m */ = {isa = PBXFileReference; fileEncoding = 4; lastKnownFileType = sourcecode.c.objc; path = ConsoleScreen.m; sourceTree = "<group>"; };
		BEE84F911B3D54E700C6F1F7 /* MainScreen.h */ = {isa = PBXFileReference; fileEncoding = 4; lastKnownFileType = sourcecode.c.h; path = MainScreen.h; sourceTree = "<group>"; };
		BEE84F921B3D54E700C6F1F7 /* MainScreen.m */ = {isa = PBXFileReference; fileEncoding = 4; lastKnownFileType = sourcecode.c.objc; path = MainScreen.m; sourceTree = "<group>"; };
		BEE84F981B3D554900C6F1F7 /* PrefixHeader.pch */ = {isa = PBXFileReference; lastKnownFileType = sourcecode.c.h; path = PrefixHeader.pch; sourceTree = "<group>"; };
		BEE84F9B1B3D575B00C6F1F7 /* DemoSelector.h */ = {isa = PBXFileReference; fileEncoding = 4; lastKnownFileType = sourcecode.c.h; path = DemoSelector.h; sourceTree = "<group>"; };
		BEE84F9C1B3D575B00C6F1F7 /* DemoSelector.m */ = {isa = PBXFileReference; fileEncoding = 4; lastKnownFileType = sourcecode.c.objc; path = DemoSelector.m; sourceTree = "<group>"; };
		BEE84F9D1B3D575B00C6F1F7 /* DemoSelector.xib */ = {isa = PBXFileReference; fileEncoding = 4; lastKnownFileType = file.xib; path = DemoSelector.xib; sourceTree = "<group>"; };
/* End PBXFileReference section */

/* Begin PBXFrameworksBuildPhase section */
		BEE84F5F1B3D54A700C6F1F7 /* Frameworks */ = {
			isa = PBXFrameworksBuildPhase;
			buildActionMask = 2147483647;
			files = (
			);
			runOnlyForDeploymentPostprocessing = 0;
		};
/* End PBXFrameworksBuildPhase section */

/* Begin PBXGroup section */
		BEE84F591B3D54A600C6F1F7 = {
			isa = PBXGroup;
			children = (
				BEE84F641B3D54A700C6F1F7 /* performSelector */,
				BEE84F631B3D54A700C6F1F7 /* Products */,
			);
			sourceTree = "<group>";
		};
		BEE84F631B3D54A700C6F1F7 /* Products */ = {
			isa = PBXGroup;
			children = (
				BEE84F621B3D54A700C6F1F7 /* performSelector.app */,
			);
			name = Products;
			sourceTree = "<group>";
		};
		BEE84F641B3D54A700C6F1F7 /* performSelector */ = {
			isa = PBXGroup;
			children = (
				BEE84F9A1B3D573A00C6F1F7 /* Core */,
				BEE84F721B3D54A700C6F1F7 /* Images.xcassets */,
				BEE84F741B3D54A700C6F1F7 /* LaunchScreen.xib */,
				BEE84F991B3D570E00C6F1F7 /* Detail */,
				BEE84F651B3D54A700C6F1F7 /* Supporting Files */,
			);
			path = performSelector;
			sourceTree = "<group>";
		};
		BEE84F651B3D54A700C6F1F7 /* Supporting Files */ = {
			isa = PBXGroup;
			children = (
				BEE84F661B3D54A700C6F1F7 /* Info.plist */,
				BEE84F671B3D54A700C6F1F7 /* main.m */,
				BEE84F981B3D554900C6F1F7 /* PrefixHeader.pch */,
			);
			name = "Supporting Files";
			sourceTree = "<group>";
		};
		BEE84F991B3D570E00C6F1F7 /* Detail */ = {
			isa = PBXGroup;
			children = (
				BEE84F9B1B3D575B00C6F1F7 /* DemoSelector.h */,
				BEE84F9C1B3D575B00C6F1F7 /* DemoSelector.m */,
				BEE84F9D1B3D575B00C6F1F7 /* DemoSelector.xib */,
			);
			name = Detail;
			sourceTree = "<group>";
		};
		BEE84F9A1B3D573A00C6F1F7 /* Core */ = {
			isa = PBXGroup;
			children = (
				BEE84F8B1B3D54E700C6F1F7 /* AppDelegate.h */,
				BEE84F8C1B3D54E700C6F1F7 /* AppDelegate.m */,
				BEE84F8D1B3D54E700C6F1F7 /* BootLogic.h */,
				BEE84F8E1B3D54E700C6F1F7 /* BootLogic.m */,
				BEE84F8F1B3D54E700C6F1F7 /* ConsoleScreen.h */,
				BEE84F901B3D54E700C6F1F7 /* ConsoleScreen.m */,
				BEE84F911B3D54E700C6F1F7 /* MainScreen.h */,
				BEE84F921B3D54E700C6F1F7 /* MainScreen.m */,
			);
			name = Core;
			sourceTree = "<group>";
		};
/* End PBXGroup section */

/* Begin PBXNativeTarget section */
		BEE84F611B3D54A700C6F1F7 /* performSelector */ = {
			isa = PBXNativeTarget;
			buildConfigurationList = BEE84F851B3D54A700C6F1F7 /* Build configuration list for PBXNativeTarget "performSelector" */;
			buildPhases = (
				BEE84F5E1B3D54A700C6F1F7 /* Sources */,
				BEE84F5F1B3D54A700C6F1F7 /* Frameworks */,
				BEE84F601B3D54A700C6F1F7 /* Resources */,
			);
			buildRules = (
			);
			dependencies = (
			);
			name = performSelector;
			productName = performSelector;
			productReference = BEE84F621B3D54A700C6F1F7 /* performSelector.app */;
			productType = "com.apple.product-type.application";
		};
/* End PBXNativeTarget section */

/* Begin PBXProject section */
		BEE84F5A1B3D54A600C6F1F7 /* Project object */ = {
			isa = PBXProject;
			attributes = {
				LastUpgradeCheck = 0630;
				ORGANIZATIONNAME = nguyenvantu;
				TargetAttributes = {
					BEE84F611B3D54A700C6F1F7 = {
						CreatedOnToolsVersion = 6.3.2;
					};
				};
			};
			buildConfigurationList = BEE84F5D1B3D54A600C6F1F7 /* Build configuration list for PBXProject "performSelector" */;
			compatibilityVersion = "Xcode 3.2";
			developmentRegion = English;
			hasScannedForEncodings = 0;
			knownRegions = (
				en,
				Base,
			);
			mainGroup = BEE84F591B3D54A600C6F1F7;
			productRefGroup = BEE84F631B3D54A700C6F1F7 /* Products */;
			projectDirPath = "";
			projectRoot = "";
			targets = (
				BEE84F611B3D54A700C6F1F7 /* performSelector */,
			);
		};
/* End PBXProject section */

/* Begin PBXResourcesBuildPhase section */
		BEE84F601B3D54A700C6F1F7 /* Resources */ = {
			isa = PBXResourcesBuildPhase;
			buildActionMask = 2147483647;
			files = (
				BEE84F761B3D54A700C6F1F7 /* LaunchScreen.xib in Resources */,
				BEE84F9F1B3D575B00C6F1F7 /* DemoSelector.xib in Resources */,
				BEE84F731B3D54A700C6F1F7 /* Images.xcassets in Resources */,
			);
			runOnlyForDeploymentPostprocessing = 0;
		};
/* End PBXResourcesBuildPhase section */

/* Begin PBXSourcesBuildPhase section */
		BEE84F5E1B3D54A700C6F1F7 /* Sources */ = {
			isa = PBXSourcesBuildPhase;
			buildActionMask = 2147483647;
			files = (
				BEE84F941B3D54E700C6F1F7 /* BootLogic.m in Sources */,
				BEE84F961B3D54E700C6F1F7 /* MainScreen.m in Sources */,
				BEE84F951B3D54E700C6F1F7 /* ConsoleScreen.m in Sources */,
				BEE84F931B3D54E700C6F1F7 /* AppDelegate.m in Sources */,
				BEE84F681B3D54A700C6F1F7 /* main.m in Sources */,
				BEE84F9E1B3D575B00C6F1F7 /* DemoSelector.m in Sources */,
			);
			runOnlyForDeploymentPostprocessing = 0;
		};
/* End PBXSourcesBuildPhase section */

/* Begin PBXVariantGroup section */
		BEE84F741B3D54A700C6F1F7 /* LaunchScreen.xib */ = {
			isa = PBXVariantGroup;
			children = (
				BEE84F751B3D54A700C6F1F7 /* Base */,
			);
			name = LaunchScreen.xib;
			sourceTree = "<group>";
		};
/* End PBXVariantGroup section */

/* Begin XCBuildConfiguration section */
		BEE84F831B3D54A700C6F1F7 /* Debug */ = {
			isa = XCBuildConfiguration;
			buildSettings = {
				ALWAYS_SEARCH_USER_PATHS = NO;
				CLANG_CXX_LANGUAGE_STANDARD = "gnu++0x";
				CLANG_CXX_LIBRARY = "libc++";
				CLANG_ENABLE_MODULES = YES;
				CLANG_ENABLE_OBJC_ARC = YES;
				CLANG_WARN_BOOL_CONVERSION = YES;
				CLANG_WARN_CONSTANT_CONVERSION = YES;
				CLANG_WARN_DIRECT_OBJC_ISA_USAGE = YES_ERROR;
				CLANG_WARN_EMPTY_BODY = YES;
				CLANG_WARN_ENUM_CONVERSION = YES;
				CLANG_WARN_INT_CONVERSION = YES;
				CLANG_WARN_OBJC_ROOT_CLASS = YES_ERROR;
				CLANG_WARN_UNREACHABLE_CODE = YES;
				CLANG_WARN__DUPLICATE_METHOD_MATCH = YES;
				"CODE_SIGN_IDENTITY[sdk=iphoneos*]" = "iPhone Developer";
				COPY_PHASE_STRIP = NO;
				DEBUG_INFORMATION_FORMAT = "dwarf-with-dsym";
				ENABLE_STRICT_OBJC_MSGSEND = YES;
				GCC_C_LANGUAGE_STANDARD = gnu99;
				GCC_DYNAMIC_NO_PIC = NO;
				GCC_NO_COMMON_BLOCKS = YES;
				GCC_OPTIMIZATION_LEVEL = 0;
				GCC_PREPROCESSOR_DEFINITIONS = (
					"DEBUG=1",
					"$(inherited)",
				);
				GCC_SYMBOLS_PRIVATE_EXTERN = NO;
				GCC_WARN_64_TO_32_BIT_CONVERSION = YES;
				GCC_WARN_ABOUT_RETURN_TYPE = YES_ERROR;
				GCC_WARN_UNDECLARED_SELECTOR = YES;
				GCC_WARN_UNINITIALIZED_AUTOS = YES_AGGRESSIVE;
				GCC_WARN_UNUSED_FUNCTION = YES;
				GCC_WARN_UNUSED_VARIABLE = YES;
				IPHONEOS_DEPLOYMENT_TARGET = 8.3;
				MTL_ENABLE_DEBUG_INFO = YES;
				ONLY_ACTIVE_ARCH = YES;
				SDKROOT = iphoneos;
				TARGETED_DEVICE_FAMILY = "1,2";
			};
			name = Debug;
		};
		BEE84F841B3D54A700C6F1F7 /* Release */ = {
			isa = XCBuildConfiguration;
			buildSettings = {
				ALWAYS_SEARCH_USER_PATHS = NO;
				CLANG_CXX_LANGUAGE_STANDARD = "gnu++0x";
				CLANG_CXX_LIBRARY = "libc++";
				CLANG_ENABLE_MODULES = YES;
				CLANG_ENABLE_OBJC_ARC = YES;
				CLANG_WARN_BOOL_CONVERSION = YES;
				CLANG_WARN_CONSTANT_CONVERSION = YES;
				CLANG_WARN_DIRECT_OBJC_ISA_USAGE = YES_ERROR;
				CLANG_WARN_EMPTY_BODY = YES;
				CLANG_WARN_ENUM_CONVERSION = YES;
				CLANG_WARN_INT_CONVERSION = YES;
				CLANG_WARN_OBJC_ROOT_CLASS = YES_ERROR;
				CLANG_WARN_UNREACHABLE_CODE = YES;
				CLANG_WARN__DUPLICATE_METHOD_MATCH = YES;
				"CODE_SIGN_IDENTITY[sdk=iphoneos*]" = "iPhone Developer";
				COPY_PHASE_STRIP = NO;
				DEBUG_INFORMATION_FORMAT = "dwarf-with-dsym";
				ENABLE_NS_ASSERTIONS = NO;
				ENABLE_STRICT_OBJC_MSGSEND = YES;
				GCC_C_LANGUAGE_STANDARD = gnu99;
				GCC_NO_COMMON_BLOCKS = YES;
				GCC_WARN_64_TO_32_BIT_CONVERSION = YES;
				GCC_WARN_ABOUT_RETURN_TYPE = YES_ERROR;
				GCC_WARN_UNDECLARED_SELECTOR = YES;
				GCC_WARN_UNINITIALIZED_AUTOS = YES_AGGRESSIVE;
				GCC_WARN_UNUSED_FUNCTION = YES;
				GCC_WARN_UNUSED_VARIABLE = YES;
				IPHONEOS_DEPLOYMENT_TARGET = 8.3;
				MTL_ENABLE_DEBUG_INFO = NO;
				SDKROOT = iphoneos;
				TARGETED_DEVICE_FAMILY = "1,2";
				VALIDATE_PRODUCT = YES;
			};
			name = Release;
		};
		BEE84F861B3D54A700C6F1F7 /* Debug */ = {
			isa = XCBuildConfiguration;
			buildSettings = {
				ASSETCATALOG_COMPILER_APPICON_NAME = AppIcon;
				GCC_PREFIX_HEADER = /Users/tunguyen/Desktop/TechMasterIOS30/performSelector/performSelector/PrefixHeader.pch;
				INFOPLIST_FILE = performSelector/Info.plist;
				IPHONEOS_DEPLOYMENT_TARGET = 8.0;
				LD_RUNPATH_SEARCH_PATHS = "$(inherited) @executable_path/Frameworks";
				PRODUCT_NAME = "$(TARGET_NAME)";
				TARGETED_DEVICE_FAMILY = 1;
			};
			name = Debug;
		};
		BEE84F871B3D54A700C6F1F7 /* Release */ = {
			isa = XCBuildConfiguration;
			buildSettings = {
				ASSETCATALOG_COMPILER_APPICON_NAME = AppIcon;
				GCC_PREFIX_HEADER = /Users/tunguyen/Desktop/TechMasterIOS30/performSelector/performSelector/PrefixHeader.pch;
				INFOPLIST_FILE = performSelector/Info.plist;
				IPHONEOS_DEPLOYMENT_TARGET = 8.0;
				LD_RUNPATH_SEARCH_PATHS = "$(inherited) @executable_path/Frameworks";
				PRODUCT_NAME = "$(TARGET_NAME)";
				TARGETED_DEVICE_FAMILY = 1;
			};
			name = Release;
		};
/* End XCBuildConfiguration section */

/* Begin XCConfigurationList section */
		BEE84F5D1B3D54A600C6F1F7 /* Build configuration list for PBXProject "performSelector" */ = {
			isa = XCConfigurationList;
			buildConfigurations = (
				BEE84F831B3D54A700C6F1F7 /* Debug */,
				BEE84F841B3D54A700C6F1F7 /* Release */,
			);
			defaultConfigurationIsVisible = 0;
			defaultConfigurationName = Release;
		};
		BEE84F851B3D54A700C6F1F7 /* Build configuration list for PBXNativeTarget "performSelector" */ = {
			isa = XCConfigurationList;
			buildConfigurations = (
				BEE84F861B3D54A700C6F1F7 /* Debug */,
				BEE84F871B3D54A700C6F1F7 /* Release */,
			);
			defaultConfigurationIsVisible = 0;
		};
/* End XCConfigurationList section */
	};
	rootObject = BEE84F5A1B3D54A600C6F1F7 /* Project object */;
}
